PODS:
  - OpenSans (1.0.0)
  - UICollectionViewRightAlignedLayout (0.0.2)
  - UIColor+FlatColors (0.0.1)

DEPENDENCIES:
  - OpenSans
  - UICollectionViewRightAlignedLayout (from `../`)
  - UIColor+FlatColors

EXTERNAL SOURCES:
  UICollectionViewRightAlignedLayout:
    :path: "../"

SPEC CHECKSUMS:
  OpenSans: 99d7dc06b6c8c7fe02afaa1d64be74d7fdd6562a
  UICollectionViewRightAlignedLayout: 2d64d75d00d2e1b93a815a1d0f7068ce82f66f2c
  UIColor+FlatColors: 34610017255c97aee5f3cff9d84f796a3e8ffefb

COCOAPODS: 0.39.0
